{
	"name": "utfangamechsdownload",
	"version": "0.0.0",
	"lockfileVersion": 1,
	"requires": true,
	"dependencies": {
		"@shopify/prettier-plugin-liquid": {
			"version": "1.0.5",
			"resolved": "https://registry.npmjs.org/@shopify/prettier-plugin-liquid/-/prettier-plugin-liquid-1.0.5.tgz",
			"integrity": "sha512-iHJFMLI8Y5ScrBvaL8OoEgiqnmZQN2BBI+hs8GHJkYPnUwznEJK3gfhrLISKu4CJXsWF6qTnvtvGIJOory18cQ==",
			"dev": true,
			"requires": {
				"html-styles": "^1.0.0",
				"line-column": "^1.0.2",
				"ohm-js": "^16.3.0"
			}
		},
		"bower": {
			"version": "1.8.14",
			"resolved": "https://registry.npmjs.org/bower/-/bower-1.8.14.tgz",
			"integrity": "sha512-8Rq058FD91q9Nwthyhw0la9fzpBz0iwZTrt51LWl+w+PnJgZk9J+5wp3nibsJcIUPglMYXr4NRBaR+TUj0OkBQ==",
			"dev": true
		},
		"html-styles": {
			"version": "1.0.0",
			"resolved": "https://registry.npmjs.org/html-styles/-/html-styles-1.0.0.tgz",
			"integrity": "sha512-cDl5dcj73oI4Hy0DSUNh54CAwslNLJRCCoO+RNkVo+sBrjA/0+7E/xzvj3zH/GxbbBLGJhE0hBe1eg+0FINC6w==",
			"dev": true
		},
		"isarray": {
			"version": "1.0.0",
			"resolved": "https://registry.npmjs.org/isarray/-/isarray-1.0.0.tgz",
			"integrity": "sha512-VLghIWNM6ELQzo7zwmcg0NmTVyWKYjvIeM83yjp0wRDTmUnrM678fQbcKBo6n2CJEF0szoG//ytg+TKla89ALQ==",
			"dev": true
		},
		"isobject": {
			"version": "2.1.0",
			"resolved": "https://registry.npmjs.org/isobject/-/isobject-2.1.0.tgz",
			"integrity": "sha512-+OUdGJlgjOBZDfxnDjYYG6zp487z0JGNQq3cYQYg5f5hKR+syHMsaztzGeml/4kGG55CSpKSpWTY+jYGgsHLgA==",
			"dev": true,
			"requires": {
				"isarray": "1.0.0"
			}
		},
		"line-column": {
			"version": "1.0.2",
			"resolved": "https://registry.npmjs.org/line-column/-/line-column-1.0.2.tgz",
			"integrity": "sha512-Ktrjk5noGYlHsVnYWh62FLVs4hTb8A3e+vucNZMgPeAOITdshMSgv4cCZQeRDjm7+goqmo6+liZwTXo+U3sVww==",
			"dev": true,
			"requires": {
				"isarray": "^1.0.0",
				"isobject": "^2.0.0"
			}
		},
		"ohm-js": {
			"version": "16.6.0",
			"resolved": "https://registry.npmjs.org/ohm-js/-/ohm-js-16.6.0.tgz",
			"integrity": "sha512-X9P4koSGa7swgVQ0gt71UCYtkAQGOjciJPJAz74kDxWt8nXbH5HrDOQG6qBDH7SR40ktNv4x61BwpTDE9q4lRA==",
			"dev": true
		},
		"prettier": {
			"version": "2.8.3",
			"resolved": "https://registry.npmjs.org/prettier/-/prettier-2.8.3.tgz",
			"integrity": "sha512-tJ/oJ4amDihPoufT5sM0Z1SKEuKay8LfVAMlbbhnnkvt6BUserZylqo2PN+p9KeljLr0OHa2rXHU1T8reeoTrw==",
			"dev": true
		}
	}
}
